
Microsoft Visual Studio Solution File, Format Version 12.00
# Visual Studio Version 17
VisualStudioVersion = 17.12.35424.110
MinimumVisualStudioVersion = 10.0.40219.1
Project("{FAE04EC0-301F-11D3-BF4B-00C04F79EFBC}") = "Bot.Persistence", "Bot.Persistence\Bot.Persistence.csproj", "{9008C52B-44C4-4871-973B-38A2150105D1}"
EndProject
Project("{FAE04EC0-301F-11D3-BF4B-00C04F79EFBC}") = "Bot.API", "Bot.API\Bot.API.csproj", "{EB61F4F5-68B4-497D-8A43-1B6CA07F21B2}"
EndProject
Project("{FAE04EC0-301F-11D3-BF4B-00C04F79EFBC}") = "Bot.Infrastructure", "Bot.Infrastructure\Bot.Infrastructure.csproj", "{7260CFA5-C156-4174-A208-6A4977C54C4E}"
EndProject
Project("{FAE04EC0-301F-11D3-BF4B-00C04F79EFBC}") = "Bot.Application", "Bot.Application\Bot.Application.csproj", "{777AEA80-286B-4DF6-A975-EBEDBDDC226D}"
EndProject
Project("{2150E333-8FDC-42A3-9474-1A3956D46DE8}") = "Info", "Info", "{49C1BD45-FFE9-4186-8AD8-BB658B653D30}"
	ProjectSection(SolutionItems) = preProject
		README.md = README.md
	EndProjectSection
EndProject
Global
	GlobalSection(SolutionConfigurationPlatforms) = preSolution
		Debug|Any CPU = Debug|Any CPU
		Release|Any CPU = Release|Any CPU
	EndGlobalSection
	GlobalSection(ProjectConfigurationPlatforms) = postSolution
		{9008C52B-44C4-4871-973B-38A2150105D1}.Debug|Any CPU.ActiveCfg = Debug|Any CPU
		{9008C52B-44C4-4871-973B-38A2150105D1}.Debug|Any CPU.Build.0 = Debug|Any CPU
		{9008C52B-44C4-4871-973B-38A2150105D1}.Release|Any CPU.ActiveCfg = Release|Any CPU
		{9008C52B-44C4-4871-973B-38A2150105D1}.Release|Any CPU.Build.0 = Release|Any CPU
		{EB61F4F5-68B4-497D-8A43-1B6CA07F21B2}.Debug|Any CPU.ActiveCfg = Debug|Any CPU
		{EB61F4F5-68B4-497D-8A43-1B6CA07F21B2}.Debug|Any CPU.Build.0 = Debug|Any CPU
		{EB61F4F5-68B4-497D-8A43-1B6CA07F21B2}.Release|Any CPU.ActiveCfg = Release|Any CPU
		{EB61F4F5-68B4-497D-8A43-1B6CA07F21B2}.Release|Any CPU.Build.0 = Release|Any CPU
		{7260CFA5-C156-4174-A208-6A4977C54C4E}.Debug|Any CPU.ActiveCfg = Debug|Any CPU
		{7260CFA5-C156-4174-A208-6A4977C54C4E}.Debug|Any CPU.Build.0 = Debug|Any CPU
		{7260CFA5-C156-4174-A208-6A4977C54C4E}.Release|Any CPU.ActiveCfg = Release|Any CPU
		{7260CFA5-C156-4174-A208-6A4977C54C4E}.Release|Any CPU.Build.0 = Release|Any CPU
		{777AEA80-286B-4DF6-A975-EBEDBDDC226D}.Debug|Any CPU.ActiveCfg = Debug|Any CPU
		{777AEA80-286B-4DF6-A975-EBEDBDDC226D}.Debug|Any CPU.Build.0 = Debug|Any CPU
		{777AEA80-286B-4DF6-A975-EBEDBDDC226D}.Release|Any CPU.ActiveCfg = Release|Any CPU
		{777AEA80-286B-4DF6-A975-EBEDBDDC226D}.Release|Any CPU.Build.0 = Release|Any CPU
	EndGlobalSection
	GlobalSection(SolutionProperties) = preSolution
		HideSolutionNode = FALSE
	EndGlobalSection
	GlobalSection(ExtensibilityGlobals) = postSolution
		SolutionGuid = {4E99C297-4489-4AE6-97A6-CBEA525CC1AD}
	EndGlobalSection
EndGlobal
